
Microsoft Visual Studio Solution File, Format Version 12.00
# Visual Studio Version 17
VisualStudioVersion = 17.7.34003.232
MinimumVisualStudioVersion = 10.0.40219.1
Project("{9A19103F-16F7-4668-BE54-9A1E7A4F7556}") = "PortfolioBuilder.Server", "PortfolioBuilder\Server\PortfolioBuilder.Server.csproj", "{5ACD0FCD-0764-4C83-8339-84237136D42E}"
EndProject
Project("{9A19103F-16F7-4668-BE54-9A1E7A4F7556}") = "PortfolioBuilder.Client", "PortfolioBuilder\Client\PortfolioBuilder.Client.csproj", "{F2F2419D-42E0-4375-A4F1-9FF75FB8423B}"
EndProject
Project("{9A19103F-16F7-4668-BE54-9A1E7A4F7556}") = "PortfolioBuilder.Shared", "PortfolioBuilder\Shared\PortfolioBuilder.Shared.csproj", "{B3A30E31-91F3-441E-BDDF-9C0A4958B24E}"
EndProject
Global
	GlobalSection(SolutionConfigurationPlatforms) = preSolution
		Debug|Any CPU = Debug|Any CPU
		Release|Any CPU = Release|Any CPU
	EndGlobalSection
	GlobalSection(ProjectConfigurationPlatforms) = postSolution
		{5ACD0FCD-0764-4C83-8339-84237136D42E}.Debug|Any CPU.ActiveCfg = Debug|Any CPU
		{5ACD0FCD-0764-4C83-8339-84237136D42E}.Debug|Any CPU.Build.0 = Debug|Any CPU
		{5ACD0FCD-0764-4C83-8339-84237136D42E}.Release|Any CPU.ActiveCfg = Release|Any CPU
		{5ACD0FCD-0764-4C83-8339-84237136D42E}.Release|Any CPU.Build.0 = Release|Any CPU
		{F2F2419D-42E0-4375-A4F1-9FF75FB8423B}.Debug|Any CPU.ActiveCfg = Debug|Any CPU
		{F2F2419D-42E0-4375-A4F1-9FF75FB8423B}.Debug|Any CPU.Build.0 = Debug|Any CPU
		{F2F2419D-42E0-4375-A4F1-9FF75FB8423B}.Release|Any CPU.ActiveCfg = Release|Any CPU
		{F2F2419D-42E0-4375-A4F1-9FF75FB8423B}.Release|Any CPU.Build.0 = Release|Any CPU
		{B3A30E31-91F3-441E-BDDF-9C0A4958B24E}.Debug|Any CPU.ActiveCfg = Debug|Any CPU
		{B3A30E31-91F3-441E-BDDF-9C0A4958B24E}.Debug|Any CPU.Build.0 = Debug|Any CPU
		{B3A30E31-91F3-441E-BDDF-9C0A4958B24E}.Release|Any CPU.ActiveCfg = Release|Any CPU
		{B3A30E31-91F3-441E-BDDF-9C0A4958B24E}.Release|Any CPU.Build.0 = Release|Any CPU
	EndGlobalSection
	GlobalSection(SolutionProperties) = preSolution
		HideSolutionNode = FALSE
	EndGlobalSection
	GlobalSection(ExtensibilityGlobals) = postSolution
		SolutionGuid = {C87D6CDB-E295-4CA2-BF91-62A53309D534}
	EndGlobalSection
EndGlobal
